# THIS IS AN AUTOGENERATED FILE. DO NOT EDIT THIS FILE DIRECTLY.
# yarn lockfile v1


"@types/slug@^5.0.9":
  version "5.0.9"
  resolved "https://registry.yarnpkg.com/@types/slug/-/slug-5.0.9.tgz#e5b213a9d7797d40d362ba85e2a7bbcd4df4ed40"
  integrity sha512-6Yp8BSplP35Esa/wOG1wLNKiqXevpQTEF/RcL/NV6BBQaMmZh4YlDwCgrrFSoUE4xAGvnKd5c+lkQJmPrBAzfQ==

slug@^11.0.0:
  version "11.0.0"
  resolved "https://registry.yarnpkg.com/slug/-/slug-11.0.0.tgz#026b0b78dcfb5744ed36310598a9e5769534570e"
  integrity sha512-71pb27F9TII2dIweGr2ybS220IUZo1A9GKZ+e2q8rpUr24mejBb6fTaSStM0SE1ITUUOshilqZze8Yt1BKj+ew==
